
Microsoft Visual Studio Solution File, Format Version 12.00
# Visual Studio Version 17
VisualStudioVersion = 17.12.35527.113 d17.12
MinimumVisualStudioVersion = 10.0.40219.1
Project("{FAE04EC0-301F-11D3-BF4B-00C04F79EFBC}") = "Kafka-AspNet-Sample-Producer", "Kafka-AspNet-Sample-Producer.csproj", "{3DFFEF48-2B01-4965-824A-33A7467D2A12}"
EndProject
Project("{FAE04EC0-301F-11D3-BF4B-00C04F79EFBC}") = "Kafka-AspNet-Sample-Consumer", "..\Kafka-AspNet-Sample-Consumer\Kafka-AspNet-Sample-Consumer.csproj", "{BAB83BA5-2918-4560-90E0-FDC115E33BC1}"
EndProject
Global
	GlobalSection(SolutionConfigurationPlatforms) = preSolution
		Debug|Any CPU = Debug|Any CPU
		Release|Any CPU = Release|Any CPU
	EndGlobalSection
	GlobalSection(ProjectConfigurationPlatforms) = postSolution
		{3DFFEF48-2B01-4965-824A-33A7467D2A12}.Debug|Any CPU.ActiveCfg = Debug|Any CPU
		{3DFFEF48-2B01-4965-824A-33A7467D2A12}.Debug|Any CPU.Build.0 = Debug|Any CPU
		{3DFFEF48-2B01-4965-824A-33A7467D2A12}.Release|Any CPU.ActiveCfg = Release|Any CPU
		{3DFFEF48-2B01-4965-824A-33A7467D2A12}.Release|Any CPU.Build.0 = Release|Any CPU
		{BAB83BA5-2918-4560-90E0-FDC115E33BC1}.Debug|Any CPU.ActiveCfg = Debug|Any CPU
		{BAB83BA5-2918-4560-90E0-FDC115E33BC1}.Debug|Any CPU.Build.0 = Debug|Any CPU
		{BAB83BA5-2918-4560-90E0-FDC115E33BC1}.Release|Any CPU.ActiveCfg = Release|Any CPU
		{BAB83BA5-2918-4560-90E0-FDC115E33BC1}.Release|Any CPU.Build.0 = Release|Any CPU
	EndGlobalSection
	GlobalSection(SolutionProperties) = preSolution
		HideSolutionNode = FALSE
	EndGlobalSection
EndGlobal
